// !$*UTF8*$!
{
	archiveVersion = 1;
	classes = {
	};
	objectVersion = 52;
	objects = {

/* Begin PBXBuildFile section */
		8B1D499722BCDED200A72A9C /* Theme.swift in Sources */ = {isa = PBXBuildFile; fileRef = 8B1D499622BCDED200A72A9C /* Theme.swift */; };
		8B1D499C22BCFDBD00A72A9C /* SignInForm.swift in Sources */ = {isa = PBXBuildFile; fileRef = 8B1D499B22BCFDBD00A72A9C /* SignInForm.swift */; };
		8B36BC0B22BBBADD00F4AE32 /* FilledButton.swift in Sources */ = {isa = PBXBuildFile; fileRef = 8B36BC0A22BBBADD00F4AE32 /* FilledButton.swift */; };
		8B45468622C0F481002D83F4 /* ContentType.swift in Sources */ = {isa = PBXBuildFile; fileRef = 8B45468522C0F481002D83F4 /* ContentType.swift */; };
		8B45468822C0F55D002D83F4 /* NetworkingErrors.swift in Sources */ = {isa = PBXBuildFile; fileRef = 8B45468722C0F55D002D83F4 /* NetworkingErrors.swift */; };
		8B45468A22C0F5DB002D83F4 /* Endpoint.swift in Sources */ = {isa = PBXBuildFile; fileRef = 8B45468922C0F5DB002D83F4 /* Endpoint.swift */; };
		8B45468C22C0F5FC002D83F4 /* Networking+Utils.swift in Sources */ = {isa = PBXBuildFile; fileRef = 8B45468B22C0F5FC002D83F4 /* Networking+Utils.swift */; };
		8B45468E22C0F799002D83F4 /* URLSession+Extensions.swift in Sources */ = {isa = PBXBuildFile; fileRef = 8B45468D22C0F799002D83F4 /* URLSession+Extensions.swift */; };
		8B45469022C0F877002D83F4 /* Resource.swift in Sources */ = {isa = PBXBuildFile; fileRef = 8B45468F22C0F877002D83F4 /* Resource.swift */; };
		8B7AF34122BBA24500618DFD /* LoginScreen.swift in Sources */ = {isa = PBXBuildFile; fileRef = 8B7AF34022BBA24500618DFD /* LoginScreen.swift */; };
		8B8486BE22BBCD810048D97A /* TextInputField.swift in Sources */ = {isa = PBXBuildFile; fileRef = 8B8486BD22BBCD810048D97A /* TextInputField.swift */; };
		8B8486C222BBDBCC0048D97A /* KeychainAccess in Frameworks */ = {isa = PBXBuildFile; productRef = 8B8486C122BBDBCC0048D97A /* KeychainAccess */; };
		A1F63D3222A95AA500622F70 /* AppDelegate.swift in Sources */ = {isa = PBXBuildFile; fileRef = A1F63D3122A95AA500622F70 /* AppDelegate.swift */; };
		A1F63D3422A95AA500622F70 /* SceneDelegate.swift in Sources */ = {isa = PBXBuildFile; fileRef = A1F63D3322A95AA500622F70 /* SceneDelegate.swift */; };
		A1F63D3822A95AA600622F70 /* Assets.xcassets in Resources */ = {isa = PBXBuildFile; fileRef = A1F63D3722A95AA600622F70 /* Assets.xcassets */; };
		A1F63D3B22A95AA600622F70 /* Preview Assets.xcassets in Resources */ = {isa = PBXBuildFile; fileRef = A1F63D3A22A95AA600622F70 /* Preview Assets.xcassets */; };
		A1F63D3E22A95AA600622F70 /* LaunchScreen.storyboard in Resources */ = {isa = PBXBuildFile; fileRef = A1F63D3C22A95AA600622F70 /* LaunchScreen.storyboard */; };
/* End PBXBuildFile section */

/* Begin PBXFileReference section */
		8B1D499622BCDED200A72A9C /* Theme.swift */ = {isa = PBXFileReference; lastKnownFileType = sourcecode.swift; path = Theme.swift; sourceTree = "<group>"; };
		8B1D499B22BCFDBD00A72A9C /* SignInForm.swift */ = {isa = PBXFileReference; lastKnownFileType = sourcecode.swift; path = SignInForm.swift; sourceTree = "<group>"; };
		8B36BC0A22BBBADD00F4AE32 /* FilledButton.swift */ = {isa = PBXFileReference; lastKnownFileType = sourcecode.swift; path = FilledButton.swift; sourceTree = "<group>"; };
		8B45468522C0F481002D83F4 /* ContentType.swift */ = {isa = PBXFileReference; lastKnownFileType = sourcecode.swift; path = ContentType.swift; sourceTree = "<group>"; };
		8B45468722C0F55D002D83F4 /* NetworkingErrors.swift */ = {isa = PBXFileReference; lastKnownFileType = sourcecode.swift; path = NetworkingErrors.swift; sourceTree = "<group>"; };
		8B45468922C0F5DB002D83F4 /* Endpoint.swift */ = {isa = PBXFileReference; lastKnownFileType = sourcecode.swift; path = Endpoint.swift; sourceTree = "<group>"; };
		8B45468B22C0F5FC002D83F4 /* Networking+Utils.swift */ = {isa = PBXFileReference; lastKnownFileType = sourcecode.swift; path = "Networking+Utils.swift"; sourceTree = "<group>"; };
		8B45468D22C0F799002D83F4 /* URLSession+Extensions.swift */ = {isa = PBXFileReference; lastKnownFileType = sourcecode.swift; path = "URLSession+Extensions.swift"; sourceTree = "<group>"; };
		8B45468F22C0F877002D83F4 /* Resource.swift */ = {isa = PBXFileReference; lastKnownFileType = sourcecode.swift; path = Resource.swift; sourceTree = "<group>"; };
		8B7AF34022BBA24500618DFD /* LoginScreen.swift */ = {isa = PBXFileReference; lastKnownFileType = sourcecode.swift; path = LoginScreen.swift; sourceTree = "<group>"; };
		8B8486BD22BBCD810048D97A /* TextInputField.swift */ = {isa = PBXFileReference; lastKnownFileType = sourcecode.swift; path = TextInputField.swift; sourceTree = "<group>"; };
		A1F63D2E22A95AA500622F70 /* Discoverer.app */ = {isa = PBXFileReference; explicitFileType = wrapper.application; includeInIndex = 0; path = Discoverer.app; sourceTree = BUILT_PRODUCTS_DIR; };
		A1F63D3122A95AA500622F70 /* AppDelegate.swift */ = {isa = PBXFileReference; lastKnownFileType = sourcecode.swift; path = AppDelegate.swift; sourceTree = "<group>"; };
		A1F63D3322A95AA500622F70 /* SceneDelegate.swift */ = {isa = PBXFileReference; lastKnownFileType = sourcecode.swift; path = SceneDelegate.swift; sourceTree = "<group>"; };
		A1F63D3722A95AA600622F70 /* Assets.xcassets */ = {isa = PBXFileReference; lastKnownFileType = folder.assetcatalog; path = Assets.xcassets; sourceTree = "<group>"; };
		A1F63D3A22A95AA600622F70 /* Preview Assets.xcassets */ = {isa = PBXFileReference; lastKnownFileType = folder.assetcatalog; path = "Preview Assets.xcassets"; sourceTree = "<group>"; };
		A1F63D3D22A95AA600622F70 /* Base */ = {isa = PBXFileReference; lastKnownFileType = file.storyboard; name = Base; path = Base.lproj/LaunchScreen.storyboard; sourceTree = "<group>"; };
		A1F63D3F22A95AA600622F70 /* Info.plist */ = {isa = PBXFileReference; lastKnownFileType = text.plist.xml; path = Info.plist; sourceTree = "<group>"; };
/* End PBXFileReference section */

/* Begin PBXFrameworksBuildPhase section */
		A1F63D2B22A95AA500622F70 /* Frameworks */ = {
			isa = PBXFrameworksBuildPhase;
			buildActionMask = 2147483647;
			files = (
				8B8486C222BBDBCC0048D97A /* KeychainAccess in Frameworks */,
			);
			runOnlyForDeploymentPostprocessing = 0;
		};
/* End PBXFrameworksBuildPhase section */

/* Begin PBXGroup section */
		8B7AF33F22BB867E00618DFD /* Networking */ = {
			isa = PBXGroup;
			children = (
				8B45468522C0F481002D83F4 /* ContentType.swift */,
				8B45468922C0F5DB002D83F4 /* Endpoint.swift */,
				8B45468B22C0F5FC002D83F4 /* Networking+Utils.swift */,
				8B45468722C0F55D002D83F4 /* NetworkingErrors.swift */,
				8B45468D22C0F799002D83F4 /* URLSession+Extensions.swift */,
				8B45468F22C0F877002D83F4 /* Resource.swift */,
			);
			path = Networking;
			sourceTree = "<group>";
		};
		8B8486BF22BBD73C0048D97A /* Screens */ = {
			isa = PBXGroup;
			children = (
				8B7AF34022BBA24500618DFD /* LoginScreen.swift */,
			);
			path = Screens;
			sourceTree = "<group>";
		};
		8B8486C322BBDC3D0048D97A /* Services */ = {
			isa = PBXGroup;
			children = (
				A1F63D4622A95BA600622F70 /* Models */,
				8B7AF33F22BB867E00618DFD /* Networking */,
			);
			path = Services;
			sourceTree = "<group>";
		};
		8B8486C422BBDC4E0048D97A /* App */ = {
			isa = PBXGroup;
			children = (
				A1F63D4522A95B9800622F70 /* Views */,
				A1B877E322A96029005A8871 /* ViewModels */,
				A1F63D4722A95BAF00622F70 /* Utils */,
				A1F63D4822A95BCB00622F70 /* Resources */,
			);
			path = App;
			sourceTree = "<group>";
		};
		8B8486C622BBDEF40048D97A /* SignIn */ = {
			isa = PBXGroup;
			children = (
				8B8486BF22BBD73C0048D97A /* Screens */,
			);
			path = SignIn;
			sourceTree = "<group>";
		};
		A1B877E322A96029005A8871 /* ViewModels */ = {
			isa = PBXGroup;
			children = (
			);
			path = ViewModels;
			sourceTree = "<group>";
		};
		A1F63D2522A95AA500622F70 = {
			isa = PBXGroup;
			children = (
				A1F63D3022A95AA500622F70 /* Discoverer */,
				A1F63D2F22A95AA500622F70 /* Products */,
				8B8486C322BBDC3D0048D97A /* Services */,
			);
			sourceTree = "<group>";
		};
		A1F63D2F22A95AA500622F70 /* Products */ = {
			isa = PBXGroup;
			children = (
				A1F63D2E22A95AA500622F70 /* Discoverer.app */,
			);
			name = Products;
			sourceTree = "<group>";
		};
		A1F63D3022A95AA500622F70 /* Discoverer */ = {
			isa = PBXGroup;
			children = (
				8B8486C422BBDC4E0048D97A /* App */,
				8B8486C622BBDEF40048D97A /* SignIn */,
			);
			path = Discoverer;
			sourceTree = "<group>";
		};
		A1F63D3922A95AA600622F70 /* Preview Content */ = {
			isa = PBXGroup;
			children = (
				A1F63D3A22A95AA600622F70 /* Preview Assets.xcassets */,
			);
			path = "Preview Content";
			sourceTree = "<group>";
		};
		A1F63D4522A95B9800622F70 /* Views */ = {
			isa = PBXGroup;
			children = (
				8B36BC0A22BBBADD00F4AE32 /* FilledButton.swift */,
				8B8486BD22BBCD810048D97A /* TextInputField.swift */,
				8B1D499B22BCFDBD00A72A9C /* SignInForm.swift */,
			);
			path = Views;
			sourceTree = "<group>";
		};
		A1F63D4622A95BA600622F70 /* Models */ = {
			isa = PBXGroup;
			children = (
			);
			path = Models;
			sourceTree = "<group>";
		};
		A1F63D4722A95BAF00622F70 /* Utils */ = {
			isa = PBXGroup;
			children = (
				A1F63D3922A95AA600622F70 /* Preview Content */,
				A1F63D3C22A95AA600622F70 /* LaunchScreen.storyboard */,
				A1F63D3322A95AA500622F70 /* SceneDelegate.swift */,
				A1F63D3F22A95AA600622F70 /* Info.plist */,
				A1F63D3122A95AA500622F70 /* AppDelegate.swift */,
				8B1D499622BCDED200A72A9C /* Theme.swift */,
			);
			path = Utils;
			sourceTree = "<group>";
		};
		A1F63D4822A95BCB00622F70 /* Resources */ = {
			isa = PBXGroup;
			children = (
				A1F63D3722A95AA600622F70 /* Assets.xcassets */,
			);
			path = Resources;
			sourceTree = "<group>";
		};
/* End PBXGroup section */

/* Begin PBXNativeTarget section */
		A1F63D2D22A95AA500622F70 /* Discoverer */ = {
			isa = PBXNativeTarget;
			buildConfigurationList = A1F63D4222A95AA600622F70 /* Build configuration list for PBXNativeTarget "Discoverer" */;
			buildPhases = (
				A1F63D2A22A95AA500622F70 /* Sources */,
				A1F63D2B22A95AA500622F70 /* Frameworks */,
				A1F63D2C22A95AA500622F70 /* Resources */,
			);
			buildRules = (
			);
			dependencies = (
			);
			name = Discoverer;
			packageProductDependencies = (
				8B8486C122BBDBCC0048D97A /* KeychainAccess */,
			);
			productName = Discoverer;
			productReference = A1F63D2E22A95AA500622F70 /* Discoverer.app */;
			productType = "com.apple.product-type.application";
		};
/* End PBXNativeTarget section */

/* Begin PBXProject section */
		A1F63D2622A95AA500622F70 /* Project object */ = {
			isa = PBXProject;
			attributes = {
				LastSwiftUpdateCheck = 1100;
				LastUpgradeCheck = 1100;
				ORGANIZATIONNAME = "Sasha Prokhorenko";
				TargetAttributes = {
					A1F63D2D22A95AA500622F70 = {
						CreatedOnToolsVersion = 11.0;
					};
				};
			};
			buildConfigurationList = A1F63D2922A95AA500622F70 /* Build configuration list for PBXProject "Discoverer" */;
			compatibilityVersion = "Xcode 9.3";
			developmentRegion = en;
			hasScannedForEncodings = 0;
			knownRegions = (
				en,
				Base,
			);
			mainGroup = A1F63D2522A95AA500622F70;
			packageReferences = (
				8B8486C022BBDBCC0048D97A /* XCRemoteSwiftPackageReference "KeychainAccess" */,
			);
			productRefGroup = A1F63D2F22A95AA500622F70 /* Products */;
			projectDirPath = "";
			projectRoot = "";
			targets = (
				A1F63D2D22A95AA500622F70 /* Discoverer */,
			);
		};
/* End PBXProject section */

/* Begin PBXResourcesBuildPhase section */
		A1F63D2C22A95AA500622F70 /* Resources */ = {
			isa = PBXResourcesBuildPhase;
			buildActionMask = 2147483647;
			files = (
				A1F63D3E22A95AA600622F70 /* LaunchScreen.storyboard in Resources */,
				A1F63D3B22A95AA600622F70 /* Preview Assets.xcassets in Resources */,
				A1F63D3822A95AA600622F70 /* Assets.xcassets in Resources */,
			);
			runOnlyForDeploymentPostprocessing = 0;
		};
/* End PBXResourcesBuildPhase section */

/* Begin PBXSourcesBuildPhase section */
		A1F63D2A22A95AA500622F70 /* Sources */ = {
			isa = PBXSourcesBuildPhase;
			buildActionMask = 2147483647;
			files = (
				8B45469022C0F877002D83F4 /* Resource.swift in Sources */,
				8B45468E22C0F799002D83F4 /* URLSession+Extensions.swift in Sources */,
				A1F63D3222A95AA500622F70 /* AppDelegate.swift in Sources */,
				8B45468622C0F481002D83F4 /* ContentType.swift in Sources */,
				8B45468C22C0F5FC002D83F4 /* Networking+Utils.swift in Sources */,
				8B45468822C0F55D002D83F4 /* NetworkingErrors.swift in Sources */,
				8B7AF34122BBA24500618DFD /* LoginScreen.swift in Sources */,
				8B45468A22C0F5DB002D83F4 /* Endpoint.swift in Sources */,
				A1F63D3422A95AA500622F70 /* SceneDelegate.swift in Sources */,
				8B1D499722BCDED200A72A9C /* Theme.swift in Sources */,
				8B1D499C22BCFDBD00A72A9C /* SignInForm.swift in Sources */,
				8B8486BE22BBCD810048D97A /* TextInputField.swift in Sources */,
				8B36BC0B22BBBADD00F4AE32 /* FilledButton.swift in Sources */,
			);
			runOnlyForDeploymentPostprocessing = 0;
		};
/* End PBXSourcesBuildPhase section */

/* Begin PBXVariantGroup section */
		A1F63D3C22A95AA600622F70 /* LaunchScreen.storyboard */ = {
			isa = PBXVariantGroup;
			children = (
				A1F63D3D22A95AA600622F70 /* Base */,
			);
			name = LaunchScreen.storyboard;
			sourceTree = "<group>";
		};
/* End PBXVariantGroup section */

/* Begin XCBuildConfiguration section */
		A1F63D4022A95AA600622F70 /* Debug */ = {
			isa = XCBuildConfiguration;
			buildSettings = {
				ALWAYS_SEARCH_USER_PATHS = NO;
				CLANG_ANALYZER_NONNULL = YES;
				CLANG_ANALYZER_NUMBER_OBJECT_CONVERSION = YES_AGGRESSIVE;
				CLANG_CXX_LANGUAGE_STANDARD = "gnu++14";
				CLANG_CXX_LIBRARY = "libc++";
				CLANG_ENABLE_MODULES = YES;
				CLANG_ENABLE_OBJC_ARC = YES;
				CLANG_ENABLE_OBJC_WEAK = YES;
				CLANG_WARN_BLOCK_CAPTURE_AUTORELEASING = YES;
				CLANG_WARN_BOOL_CONVERSION = YES;
				CLANG_WARN_COMMA = YES;
				CLANG_WARN_CONSTANT_CONVERSION = YES;
				CLANG_WARN_DEPRECATED_OBJC_IMPLEMENTATIONS = YES;
				CLANG_WARN_DIRECT_OBJC_ISA_USAGE = YES_ERROR;
				CLANG_WARN_DOCUMENTATION_COMMENTS = YES;
				CLANG_WARN_EMPTY_BODY = YES;
				CLANG_WARN_ENUM_CONVERSION = YES;
				CLANG_WARN_INFINITE_RECURSION = YES;
				CLANG_WARN_INT_CONVERSION = YES;
				CLANG_WARN_NON_LITERAL_NULL_CONVERSION = YES;
				CLANG_WARN_OBJC_IMPLICIT_RETAIN_SELF = YES;
				CLANG_WARN_OBJC_LITERAL_CONVERSION = YES;
				CLANG_WARN_OBJC_ROOT_CLASS = YES_ERROR;
				CLANG_WARN_RANGE_LOOP_ANALYSIS = YES;
				CLANG_WARN_STRICT_PROTOTYPES = YES;
				CLANG_WARN_SUSPICIOUS_MOVE = YES;
				CLANG_WARN_UNGUARDED_AVAILABILITY = YES_AGGRESSIVE;
				CLANG_WARN_UNREACHABLE_CODE = YES;
				CLANG_WARN__DUPLICATE_METHOD_MATCH = YES;
				COPY_PHASE_STRIP = NO;
				DEBUG_INFORMATION_FORMAT = dwarf;
				ENABLE_STRICT_OBJC_MSGSEND = YES;
				ENABLE_TESTABILITY = YES;
				GCC_C_LANGUAGE_STANDARD = gnu11;
				GCC_DYNAMIC_NO_PIC = NO;
				GCC_NO_COMMON_BLOCKS = YES;
				GCC_OPTIMIZATION_LEVEL = 0;
				GCC_PREPROCESSOR_DEFINITIONS = (
					"DEBUG=1",
					"$(inherited)",
				);
				GCC_WARN_64_TO_32_BIT_CONVERSION = YES;
				GCC_WARN_ABOUT_RETURN_TYPE = YES_ERROR;
				GCC_WARN_UNDECLARED_SELECTOR = YES;
				GCC_WARN_UNINITIALIZED_AUTOS = YES_AGGRESSIVE;
				GCC_WARN_UNUSED_FUNCTION = YES;
				GCC_WARN_UNUSED_VARIABLE = YES;
				IPHONEOS_DEPLOYMENT_TARGET = 13.0;
				MTL_ENABLE_DEBUG_INFO = INCLUDE_SOURCE;
				MTL_FAST_MATH = YES;
				ONLY_ACTIVE_ARCH = YES;
				SDKROOT = iphoneos;
				SWIFT_ACTIVE_COMPILATION_CONDITIONS = DEBUG;
				SWIFT_OPTIMIZATION_LEVEL = "-Onone";
			};
			name = Debug;
		};
		A1F63D4122A95AA600622F70 /* Release */ = {
			isa = XCBuildConfiguration;
			buildSettings = {
				ALWAYS_SEARCH_USER_PATHS = NO;
				CLANG_ANALYZER_NONNULL = YES;
				CLANG_ANALYZER_NUMBER_OBJECT_CONVERSION = YES_AGGRESSIVE;
				CLANG_CXX_LANGUAGE_STANDARD = "gnu++14";
				CLANG_CXX_LIBRARY = "libc++";
				CLANG_ENABLE_MODULES = YES;
				CLANG_ENABLE_OBJC_ARC = YES;
				CLANG_ENABLE_OBJC_WEAK = YES;
				CLANG_WARN_BLOCK_CAPTURE_AUTORELEASING = YES;
				CLANG_WARN_BOOL_CONVERSION = YES;
				CLANG_WARN_COMMA = YES;
				CLANG_WARN_CONSTANT_CONVERSION = YES;
				CLANG_WARN_DEPRECATED_OBJC_IMPLEMENTATIONS = YES;
				CLANG_WARN_DIRECT_OBJC_ISA_USAGE = YES_ERROR;
				CLANG_WARN_DOCUMENTATION_COMMENTS = YES;
				CLANG_WARN_EMPTY_BODY = YES;
				CLANG_WARN_ENUM_CONVERSION = YES;
				CLANG_WARN_INFINITE_RECURSION = YES;
				CLANG_WARN_INT_CONVERSION = YES;
				CLANG_WARN_NON_LITERAL_NULL_CONVERSION = YES;
				CLANG_WARN_OBJC_IMPLICIT_RETAIN_SELF = YES;
				CLANG_WARN_OBJC_LITERAL_CONVERSION = YES;
				CLANG_WARN_OBJC_ROOT_CLASS = YES_ERROR;
				CLANG_WARN_RANGE_LOOP_ANALYSIS = YES;
				CLANG_WARN_STRICT_PROTOTYPES = YES;
				CLANG_WARN_SUSPICIOUS_MOVE = YES;
				CLANG_WARN_UNGUARDED_AVAILABILITY = YES_AGGRESSIVE;
				CLANG_WARN_UNREACHABLE_CODE = YES;
				CLANG_WARN__DUPLICATE_METHOD_MATCH = YES;
				COPY_PHASE_STRIP = NO;
				DEBUG_INFORMATION_FORMAT = "dwarf-with-dsym";
				ENABLE_NS_ASSERTIONS = NO;
				ENABLE_STRICT_OBJC_MSGSEND = YES;
				GCC_C_LANGUAGE_STANDARD = gnu11;
				GCC_NO_COMMON_BLOCKS = YES;
				GCC_WARN_64_TO_32_BIT_CONVERSION = YES;
				GCC_WARN_ABOUT_RETURN_TYPE = YES_ERROR;
				GCC_WARN_UNDECLARED_SELECTOR = YES;
				GCC_WARN_UNINITIALIZED_AUTOS = YES_AGGRESSIVE;
				GCC_WARN_UNUSED_FUNCTION = YES;
				GCC_WARN_UNUSED_VARIABLE = YES;
				IPHONEOS_DEPLOYMENT_TARGET = 13.0;
				MTL_ENABLE_DEBUG_INFO = NO;
				MTL_FAST_MATH = YES;
				SDKROOT = iphoneos;
				SWIFT_COMPILATION_MODE = wholemodule;
				SWIFT_OPTIMIZATION_LEVEL = "-O";
				VALIDATE_PRODUCT = YES;
			};
			name = Release;
		};
		A1F63D4322A95AA600622F70 /* Debug */ = {
			isa = XCBuildConfiguration;
			buildSettings = {
				ASSETCATALOG_COMPILER_APPICON_NAME = AppIcon;
				CODE_SIGN_STYLE = Automatic;
				DEVELOPMENT_ASSET_PATHS = "Discoverer/App/Utils/Preview\\ Content";
				ENABLE_PREVIEWS = YES;
				INFOPLIST_FILE = "$(SRCROOT)/Discoverer/App/Utils/Info.plist";
				LD_RUNPATH_SEARCH_PATHS = (
					"$(inherited)",
					"@executable_path/Frameworks",
				);
				PRODUCT_BUNDLE_IDENTIFIER = me.minikin.Discoverer;
				PRODUCT_NAME = "$(TARGET_NAME)";
				SWIFT_VERSION = 5.0;
				TARGETED_DEVICE_FAMILY = "1,2";
			};
			name = Debug;
		};
		A1F63D4422A95AA600622F70 /* Release */ = {
			isa = XCBuildConfiguration;
			buildSettings = {
				ASSETCATALOG_COMPILER_APPICON_NAME = AppIcon;
				CODE_SIGN_STYLE = Automatic;
				DEVELOPMENT_ASSET_PATHS = "Discoverer/App/Utils/Preview\\ Content";
				ENABLE_PREVIEWS = YES;
				INFOPLIST_FILE = "$(SRCROOT)/Discoverer/App/Utils/Info.plist";
				LD_RUNPATH_SEARCH_PATHS = (
					"$(inherited)",
					"@executable_path/Frameworks",
				);
				PRODUCT_BUNDLE_IDENTIFIER = me.minikin.Discoverer;
				PRODUCT_NAME = "$(TARGET_NAME)";
				SWIFT_VERSION = 5.0;
				TARGETED_DEVICE_FAMILY = "1,2";
			};
			name = Release;
		};
/* End XCBuildConfiguration section */

/* Begin XCConfigurationList section */
		A1F63D2922A95AA500622F70 /* Build configuration list for PBXProject "Discoverer" */ = {
			isa = XCConfigurationList;
			buildConfigurations = (
				A1F63D4022A95AA600622F70 /* Debug */,
				A1F63D4122A95AA600622F70 /* Release */,
			);
			defaultConfigurationIsVisible = 0;
			defaultConfigurationName = Release;
		};
		A1F63D4222A95AA600622F70 /* Build configuration list for PBXNativeTarget "Discoverer" */ = {
			isa = XCConfigurationList;
			buildConfigurations = (
				A1F63D4322A95AA600622F70 /* Debug */,
				A1F63D4422A95AA600622F70 /* Release */,
			);
			defaultConfigurationIsVisible = 0;
			defaultConfigurationName = Release;
		};
/* End XCConfigurationList section */

/* Begin XCRemoteSwiftPackageReference section */
		8B8486C022BBDBCC0048D97A /* XCRemoteSwiftPackageReference "KeychainAccess" */ = {
			isa = XCRemoteSwiftPackageReference;
			repositoryURL = "https://github.com/kishikawakatsumi/KeychainAccess.git";
			requirement = {
				kind = upToNextMajorVersion;
				minimumVersion = 3.2.0;
			};
		};
/* End XCRemoteSwiftPackageReference section */

/* Begin XCSwiftPackageProductDependency section */
		8B8486C122BBDBCC0048D97A /* KeychainAccess */ = {
			isa = XCSwiftPackageProductDependency;
			package = 8B8486C022BBDBCC0048D97A /* XCRemoteSwiftPackageReference "KeychainAccess" */;
			productName = KeychainAccess;
		};
/* End XCSwiftPackageProductDependency section */
	};
	rootObject = A1F63D2622A95AA500622F70 /* Project object */;
}
